
Microsoft Visual Studio Solution File, Format Version 12.00
# Visual Studio Version 16
VisualStudioVersion = 16.0.29905.134
MinimumVisualStudioVersion = 10.0.40219.1
Project("{FAE04EC0-301F-11D3-BF4B-00C04F79EFBC}") = "cw3", "cw3\cw3.csproj", "{EDED44ED-0E0F-4E96-8A60-4C92BC80BCDD}"
EndProject
Global
	GlobalSection(SolutionConfigurationPlatforms) = preSolution
		Debug|Any CPU = Debug|Any CPU
		Release|Any CPU = Release|Any CPU
	EndGlobalSection
	GlobalSection(ProjectConfigurationPlatforms) = postSolution
		{EDED44ED-0E0F-4E96-8A60-4C92BC80BCDD}.Debug|Any CPU.ActiveCfg = Debug|Any CPU
		{EDED44ED-0E0F-4E96-8A60-4C92BC80BCDD}.Debug|Any CPU.Build.0 = Debug|Any CPU
		{EDED44ED-0E0F-4E96-8A60-4C92BC80BCDD}.Release|Any CPU.ActiveCfg = Release|Any CPU
		{EDED44ED-0E0F-4E96-8A60-4C92BC80BCDD}.Release|Any CPU.Build.0 = Release|Any CPU
	EndGlobalSection
	GlobalSection(SolutionProperties) = preSolution
		HideSolutionNode = FALSE
	EndGlobalSection
	GlobalSection(ExtensibilityGlobals) = postSolution
		SolutionGuid = {E5728B52-35BD-4067-9705-A04139001849}
	EndGlobalSection
EndGlobal
